
Microsoft Visual Studio Solution File, Format Version 12.00
# Visual Studio Version 16
VisualStudioVersion = 16.0.29519.87
MinimumVisualStudioVersion = 10.0.40219.1
Project("{FAE04EC0-301F-11D3-BF4B-00C04F79EFBC}") = "HC1_W3", "HC1_W3\HC1_W3.csproj", "{D1151896-E133-4ABE-805D-8278CF011C66}"
EndProject
Global
	GlobalSection(SolutionConfigurationPlatforms) = preSolution
		Debug|Any CPU = Debug|Any CPU
		Release|Any CPU = Release|Any CPU
	EndGlobalSection
	GlobalSection(ProjectConfigurationPlatforms) = postSolution
		{D1151896-E133-4ABE-805D-8278CF011C66}.Debug|Any CPU.ActiveCfg = Debug|Any CPU
		{D1151896-E133-4ABE-805D-8278CF011C66}.Debug|Any CPU.Build.0 = Debug|Any CPU
		{D1151896-E133-4ABE-805D-8278CF011C66}.Release|Any CPU.ActiveCfg = Release|Any CPU
		{D1151896-E133-4ABE-805D-8278CF011C66}.Release|Any CPU.Build.0 = Release|Any CPU
	EndGlobalSection
	GlobalSection(SolutionProperties) = preSolution
		HideSolutionNode = FALSE
	EndGlobalSection
	GlobalSection(ExtensibilityGlobals) = postSolution
		SolutionGuid = {FD08A7F6-BDFD-48A8-8934-7C2AB26E40AA}
	EndGlobalSection
EndGlobal
